// !$*UTF8*$!
{
	archiveVersion = 1;
	classes = {
	};
	objectVersion = 56;
	objects = {

/* Begin PBXBuildFile section */
		566847788A656A9755EEB628 /* Pods_SnapList.framework in Frameworks */ = {isa = PBXBuildFile; fileRef = 0D067E8E6E81D8BF8E5F2BD0 /* Pods_SnapList.framework */; };
		E9297C4129EECDB500AF9302 /* AppDelegate.swift in Sources */ = {isa = PBXBuildFile; fileRef = E9297C4029EECDB500AF9302 /* AppDelegate.swift */; };
		E9297C4529EECDB500AF9302 /* ViewController.swift in Sources */ = {isa = PBXBuildFile; fileRef = E9297C4429EECDB500AF9302 /* ViewController.swift */; };
		E9297C4A29EECDB600AF9302 /* Assets.xcassets in Resources */ = {isa = PBXBuildFile; fileRef = E9297C4929EECDB600AF9302 /* Assets.xcassets */; };
		E9297C4D29EECDB600AF9302 /* LaunchScreen.storyboard in Resources */ = {isa = PBXBuildFile; fileRef = E9297C4B29EECDB600AF9302 /* LaunchScreen.storyboard */; };
		E9297C5D29EED9B300AF9302 /* Photo.swift in Sources */ = {isa = PBXBuildFile; fileRef = E9297C5C29EED9B300AF9302 /* Photo.swift */; };
		E9297C5F29EED9E200AF9302 /* PhotoType.swift in Sources */ = {isa = PBXBuildFile; fileRef = E9297C5E29EED9E200AF9302 /* PhotoType.swift */; };
		E9297C6129EEDA0C00AF9302 /* SendPhoto.swift in Sources */ = {isa = PBXBuildFile; fileRef = E9297C6029EEDA0C00AF9302 /* SendPhoto.swift */; };
		E9297C6329EEDA6C00AF9302 /* Constants.swift in Sources */ = {isa = PBXBuildFile; fileRef = E9297C6229EEDA6C00AF9302 /* Constants.swift */; };
		E9297C6529EEDC1B00AF9302 /* APIEndpoint.swift in Sources */ = {isa = PBXBuildFile; fileRef = E9297C6429EEDC1B00AF9302 /* APIEndpoint.swift */; };
		E9297C6729EEDF6C00AF9302 /* NetworkService.swift in Sources */ = {isa = PBXBuildFile; fileRef = E9297C6629EEDF6C00AF9302 /* NetworkService.swift */; };
		E9297C6E29EEFE7D00AF9302 /* ServerResponse.swift in Sources */ = {isa = PBXBuildFile; fileRef = E9297C6D29EEFE7D00AF9302 /* ServerResponse.swift */; };
/* End PBXBuildFile section */

/* Begin PBXFileReference section */
		0D067E8E6E81D8BF8E5F2BD0 /* Pods_SnapList.framework */ = {isa = PBXFileReference; explicitFileType = wrapper.framework; includeInIndex = 0; path = Pods_SnapList.framework; sourceTree = BUILT_PRODUCTS_DIR; };
		3E8A9A38DEAFC05F67F69652 /* Pods-SnapList.release.xcconfig */ = {isa = PBXFileReference; includeInIndex = 1; lastKnownFileType = text.xcconfig; name = "Pods-SnapList.release.xcconfig"; path = "Target Support Files/Pods-SnapList/Pods-SnapList.release.xcconfig"; sourceTree = "<group>"; };
		85EC167F24D9DAF057BDAB87 /* Pods-SnapList.debug.xcconfig */ = {isa = PBXFileReference; includeInIndex = 1; lastKnownFileType = text.xcconfig; name = "Pods-SnapList.debug.xcconfig"; path = "Target Support Files/Pods-SnapList/Pods-SnapList.debug.xcconfig"; sourceTree = "<group>"; };
		E9297C3D29EECDB500AF9302 /* SnapList.app */ = {isa = PBXFileReference; explicitFileType = wrapper.application; includeInIndex = 0; path = SnapList.app; sourceTree = BUILT_PRODUCTS_DIR; };
		E9297C4029EECDB500AF9302 /* AppDelegate.swift */ = {isa = PBXFileReference; lastKnownFileType = sourcecode.swift; path = AppDelegate.swift; sourceTree = "<group>"; };
		E9297C4429EECDB500AF9302 /* ViewController.swift */ = {isa = PBXFileReference; lastKnownFileType = sourcecode.swift; path = ViewController.swift; sourceTree = "<group>"; };
		E9297C4929EECDB600AF9302 /* Assets.xcassets */ = {isa = PBXFileReference; lastKnownFileType = folder.assetcatalog; path = Assets.xcassets; sourceTree = "<group>"; };
		E9297C4C29EECDB600AF9302 /* Base */ = {isa = PBXFileReference; lastKnownFileType = file.storyboard; name = Base; path = Base.lproj/LaunchScreen.storyboard; sourceTree = "<group>"; };
		E9297C4E29EECDB600AF9302 /* Info.plist */ = {isa = PBXFileReference; lastKnownFileType = text.plist.xml; path = Info.plist; sourceTree = "<group>"; };
		E9297C5C29EED9B300AF9302 /* Photo.swift */ = {isa = PBXFileReference; lastKnownFileType = sourcecode.swift; path = Photo.swift; sourceTree = "<group>"; };
		E9297C5E29EED9E200AF9302 /* PhotoType.swift */ = {isa = PBXFileReference; lastKnownFileType = sourcecode.swift; path = PhotoType.swift; sourceTree = "<group>"; };
		E9297C6029EEDA0C00AF9302 /* SendPhoto.swift */ = {isa = PBXFileReference; lastKnownFileType = sourcecode.swift; path = SendPhoto.swift; sourceTree = "<group>"; };
		E9297C6229EEDA6C00AF9302 /* Constants.swift */ = {isa = PBXFileReference; lastKnownFileType = sourcecode.swift; path = Constants.swift; sourceTree = "<group>"; };
		E9297C6429EEDC1B00AF9302 /* APIEndpoint.swift */ = {isa = PBXFileReference; lastKnownFileType = sourcecode.swift; path = APIEndpoint.swift; sourceTree = "<group>"; };
		E9297C6629EEDF6C00AF9302 /* NetworkService.swift */ = {isa = PBXFileReference; lastKnownFileType = sourcecode.swift; path = NetworkService.swift; sourceTree = "<group>"; };
		E9297C6D29EEFE7D00AF9302 /* ServerResponse.swift */ = {isa = PBXFileReference; lastKnownFileType = sourcecode.swift; path = ServerResponse.swift; sourceTree = "<group>"; };
/* End PBXFileReference section */

/* Begin PBXFrameworksBuildPhase section */
		E9297C3A29EECDB500AF9302 /* Frameworks */ = {
			isa = PBXFrameworksBuildPhase;
			buildActionMask = 2147483647;
			files = (
				566847788A656A9755EEB628 /* Pods_SnapList.framework in Frameworks */,
			);
			runOnlyForDeploymentPostprocessing = 0;
		};
/* End PBXFrameworksBuildPhase section */

/* Begin PBXGroup section */
		B4B0013D723C6814A191B29F /* Frameworks */ = {
			isa = PBXGroup;
			children = (
				0D067E8E6E81D8BF8E5F2BD0 /* Pods_SnapList.framework */,
			);
			name = Frameworks;
			sourceTree = "<group>";
		};
		DA53F30395D24611E4A8A2EE /* Pods */ = {
			isa = PBXGroup;
			children = (
				85EC167F24D9DAF057BDAB87 /* Pods-SnapList.debug.xcconfig */,
				3E8A9A38DEAFC05F67F69652 /* Pods-SnapList.release.xcconfig */,
			);
			path = Pods;
			sourceTree = "<group>";
		};
		E9297C3429EECDB500AF9302 = {
			isa = PBXGroup;
			children = (
				E9297C3F29EECDB500AF9302 /* SnapList */,
				E9297C3E29EECDB500AF9302 /* Products */,
				DA53F30395D24611E4A8A2EE /* Pods */,
				B4B0013D723C6814A191B29F /* Frameworks */,
			);
			sourceTree = "<group>";
		};
		E9297C3E29EECDB500AF9302 /* Products */ = {
			isa = PBXGroup;
			children = (
				E9297C3D29EECDB500AF9302 /* SnapList.app */,
			);
			name = Products;
			sourceTree = "<group>";
		};
		E9297C3F29EECDB500AF9302 /* SnapList */ = {
			isa = PBXGroup;
			children = (
				E9297C5429EECFDC00AF9302 /* Application */,
				E9297C5529EED03000AF9302 /* Model */,
				E9297C5A29EED1BC00AF9302 /* ViewModel */,
				E9297C5629EED03500AF9302 /* View */,
				E9297C5929EED19500AF9302 /* Services */,
				E9297C6C29EEF05A00AF9302 /* Helpers */,
				E9297C5729EED04300AF9302 /* Extensions */,
				E9297C5829EED07500AF9302 /* Resources */,
			);
			path = SnapList;
			sourceTree = "<group>";
		};
		E9297C5429EECFDC00AF9302 /* Application */ = {
			isa = PBXGroup;
			children = (
				E9297C4029EECDB500AF9302 /* AppDelegate.swift */,
			);
			path = Application;
			sourceTree = "<group>";
		};
		E9297C5529EED03000AF9302 /* Model */ = {
			isa = PBXGroup;
			children = (
				E9297C5C29EED9B300AF9302 /* Photo.swift */,
				E9297C5E29EED9E200AF9302 /* PhotoType.swift */,
				E9297C6029EEDA0C00AF9302 /* SendPhoto.swift */,
				E9297C6D29EEFE7D00AF9302 /* ServerResponse.swift */,
			);
			path = Model;
			sourceTree = "<group>";
		};
		E9297C5629EED03500AF9302 /* View */ = {
			isa = PBXGroup;
			children = (
				E9297C4429EECDB500AF9302 /* ViewController.swift */,
			);
			path = View;
			sourceTree = "<group>";
		};
		E9297C5729EED04300AF9302 /* Extensions */ = {
			isa = PBXGroup;
			children = (
			);
			path = Extensions;
			sourceTree = "<group>";
		};
		E9297C5829EED07500AF9302 /* Resources */ = {
			isa = PBXGroup;
			children = (
				E9297C5B29EED23200AF9302 /* Assets */,
				E9297C4B29EECDB600AF9302 /* LaunchScreen.storyboard */,
				E9297C6229EEDA6C00AF9302 /* Constants.swift */,
				E9297C4E29EECDB600AF9302 /* Info.plist */,
			);
			path = Resources;
			sourceTree = "<group>";
		};
		E9297C5929EED19500AF9302 /* Services */ = {
			isa = PBXGroup;
			children = (
				E9297C6629EEDF6C00AF9302 /* NetworkService.swift */,
			);
			path = Services;
			sourceTree = "<group>";
		};
		E9297C5A29EED1BC00AF9302 /* ViewModel */ = {
			isa = PBXGroup;
			children = (
			);
			path = ViewModel;
			sourceTree = "<group>";
		};
		E9297C5B29EED23200AF9302 /* Assets */ = {
			isa = PBXGroup;
			children = (
				E9297C4929EECDB600AF9302 /* Assets.xcassets */,
			);
			path = Assets;
			sourceTree = "<group>";
		};
		E9297C6C29EEF05A00AF9302 /* Helpers */ = {
			isa = PBXGroup;
			children = (
				E9297C6429EEDC1B00AF9302 /* APIEndpoint.swift */,
			);
			path = Helpers;
			sourceTree = "<group>";
		};
/* End PBXGroup section */

/* Begin PBXNativeTarget section */
		E9297C3C29EECDB500AF9302 /* SnapList */ = {
			isa = PBXNativeTarget;
			buildConfigurationList = E9297C5129EECDB600AF9302 /* Build configuration list for PBXNativeTarget "SnapList" */;
			buildPhases = (
				963933BD9224F083AF62DB1D /* [CP] Check Pods Manifest.lock */,
				E9297C3929EECDB500AF9302 /* Sources */,
				E9297C3A29EECDB500AF9302 /* Frameworks */,
				E9297C3B29EECDB500AF9302 /* Resources */,
				DD85202D213E2EAA4838F4D2 /* [CP] Embed Pods Frameworks */,
			);
			buildRules = (
			);
			dependencies = (
			);
			name = SnapList;
			productName = SnapList;
			productReference = E9297C3D29EECDB500AF9302 /* SnapList.app */;
			productType = "com.apple.product-type.application";
		};
/* End PBXNativeTarget section */

/* Begin PBXProject section */
		E9297C3529EECDB500AF9302 /* Project object */ = {
			isa = PBXProject;
			attributes = {
				BuildIndependentTargetsInParallel = 1;
				LastSwiftUpdateCheck = 1430;
				LastUpgradeCheck = 1430;
				TargetAttributes = {
					E9297C3C29EECDB500AF9302 = {
						CreatedOnToolsVersion = 14.3;
					};
				};
			};
			buildConfigurationList = E9297C3829EECDB500AF9302 /* Build configuration list for PBXProject "SnapList" */;
			compatibilityVersion = "Xcode 14.0";
			developmentRegion = en;
			hasScannedForEncodings = 0;
			knownRegions = (
				en,
				Base,
			);
			mainGroup = E9297C3429EECDB500AF9302;
			productRefGroup = E9297C3E29EECDB500AF9302 /* Products */;
			projectDirPath = "";
			projectRoot = "";
			targets = (
				E9297C3C29EECDB500AF9302 /* SnapList */,
			);
		};
/* End PBXProject section */

/* Begin PBXResourcesBuildPhase section */
		E9297C3B29EECDB500AF9302 /* Resources */ = {
			isa = PBXResourcesBuildPhase;
			buildActionMask = 2147483647;
			files = (
				E9297C4D29EECDB600AF9302 /* LaunchScreen.storyboard in Resources */,
				E9297C4A29EECDB600AF9302 /* Assets.xcassets in Resources */,
			);
			runOnlyForDeploymentPostprocessing = 0;
		};
/* End PBXResourcesBuildPhase section */

/* Begin PBXShellScriptBuildPhase section */
		963933BD9224F083AF62DB1D /* [CP] Check Pods Manifest.lock */ = {
			isa = PBXShellScriptBuildPhase;
			buildActionMask = 2147483647;
			files = (
			);
			inputFileListPaths = (
			);
			inputPaths = (
				"${PODS_PODFILE_DIR_PATH}/Podfile.lock",
				"${PODS_ROOT}/Manifest.lock",
			);
			name = "[CP] Check Pods Manifest.lock";
			outputFileListPaths = (
			);
			outputPaths = (
				"$(DERIVED_FILE_DIR)/Pods-SnapList-checkManifestLockResult.txt",
			);
			runOnlyForDeploymentPostprocessing = 0;
			shellPath = /bin/sh;
			shellScript = "diff \"${PODS_PODFILE_DIR_PATH}/Podfile.lock\" \"${PODS_ROOT}/Manifest.lock\" > /dev/null\nif [ $? != 0 ] ; then\n    # print error to STDERR\n    echo \"error: The sandbox is not in sync with the Podfile.lock. Run 'pod install' or update your CocoaPods installation.\" >&2\n    exit 1\nfi\n# This output is used by Xcode 'outputs' to avoid re-running this script phase.\necho \"SUCCESS\" > \"${SCRIPT_OUTPUT_FILE_0}\"\n";
			showEnvVarsInLog = 0;
		};
		DD85202D213E2EAA4838F4D2 /* [CP] Embed Pods Frameworks */ = {
			isa = PBXShellScriptBuildPhase;
			buildActionMask = 2147483647;
			files = (
			);
			inputFileListPaths = (
				"${PODS_ROOT}/Target Support Files/Pods-SnapList/Pods-SnapList-frameworks-${CONFIGURATION}-input-files.xcfilelist",
			);
			name = "[CP] Embed Pods Frameworks";
			outputFileListPaths = (
				"${PODS_ROOT}/Target Support Files/Pods-SnapList/Pods-SnapList-frameworks-${CONFIGURATION}-output-files.xcfilelist",
			);
			runOnlyForDeploymentPostprocessing = 0;
			shellPath = /bin/sh;
			shellScript = "\"${PODS_ROOT}/Target Support Files/Pods-SnapList/Pods-SnapList-frameworks.sh\"\n";
			showEnvVarsInLog = 0;
		};
/* End PBXShellScriptBuildPhase section */

/* Begin PBXSourcesBuildPhase section */
		E9297C3929EECDB500AF9302 /* Sources */ = {
			isa = PBXSourcesBuildPhase;
			buildActionMask = 2147483647;
			files = (
				E9297C6729EEDF6C00AF9302 /* NetworkService.swift in Sources */,
				E9297C5D29EED9B300AF9302 /* Photo.swift in Sources */,
				E9297C6529EEDC1B00AF9302 /* APIEndpoint.swift in Sources */,
				E9297C4529EECDB500AF9302 /* ViewController.swift in Sources */,
				E9297C5F29EED9E200AF9302 /* PhotoType.swift in Sources */,
				E9297C4129EECDB500AF9302 /* AppDelegate.swift in Sources */,
				E9297C6129EEDA0C00AF9302 /* SendPhoto.swift in Sources */,
				E9297C6329EEDA6C00AF9302 /* Constants.swift in Sources */,
				E9297C6E29EEFE7D00AF9302 /* ServerResponse.swift in Sources */,
			);
			runOnlyForDeploymentPostprocessing = 0;
		};
/* End PBXSourcesBuildPhase section */

/* Begin PBXVariantGroup section */
		E9297C4B29EECDB600AF9302 /* LaunchScreen.storyboard */ = {
			isa = PBXVariantGroup;
			children = (
				E9297C4C29EECDB600AF9302 /* Base */,
			);
			name = LaunchScreen.storyboard;
			sourceTree = "<group>";
		};
/* End PBXVariantGroup section */

/* Begin XCBuildConfiguration section */
		E9297C4F29EECDB600AF9302 /* Debug */ = {
			isa = XCBuildConfiguration;
			buildSettings = {
				ALWAYS_SEARCH_USER_PATHS = NO;
				CLANG_ANALYZER_NONNULL = YES;
				CLANG_ANALYZER_NUMBER_OBJECT_CONVERSION = YES_AGGRESSIVE;
				CLANG_CXX_LANGUAGE_STANDARD = "gnu++20";
				CLANG_ENABLE_MODULES = YES;
				CLANG_ENABLE_OBJC_ARC = YES;
				CLANG_ENABLE_OBJC_WEAK = YES;
				CLANG_WARN_BLOCK_CAPTURE_AUTORELEASING = YES;
				CLANG_WARN_BOOL_CONVERSION = YES;
				CLANG_WARN_COMMA = YES;
				CLANG_WARN_CONSTANT_CONVERSION = YES;
				CLANG_WARN_DEPRECATED_OBJC_IMPLEMENTATIONS = YES;
				CLANG_WARN_DIRECT_OBJC_ISA_USAGE = YES_ERROR;
				CLANG_WARN_DOCUMENTATION_COMMENTS = YES;
				CLANG_WARN_EMPTY_BODY = YES;
				CLANG_WARN_ENUM_CONVERSION = YES;
				CLANG_WARN_INFINITE_RECURSION = YES;
				CLANG_WARN_INT_CONVERSION = YES;
				CLANG_WARN_NON_LITERAL_NULL_CONVERSION = YES;
				CLANG_WARN_OBJC_IMPLICIT_RETAIN_SELF = YES;
				CLANG_WARN_OBJC_LITERAL_CONVERSION = YES;
				CLANG_WARN_OBJC_ROOT_CLASS = YES_ERROR;
				CLANG_WARN_QUOTED_INCLUDE_IN_FRAMEWORK_HEADER = YES;
				CLANG_WARN_RANGE_LOOP_ANALYSIS = YES;
				CLANG_WARN_STRICT_PROTOTYPES = YES;
				CLANG_WARN_SUSPICIOUS_MOVE = YES;
				CLANG_WARN_UNGUARDED_AVAILABILITY = YES_AGGRESSIVE;
				CLANG_WARN_UNREACHABLE_CODE = YES;
				CLANG_WARN__DUPLICATE_METHOD_MATCH = YES;
				COPY_PHASE_STRIP = NO;
				DEBUG_INFORMATION_FORMAT = dwarf;
				ENABLE_STRICT_OBJC_MSGSEND = YES;
				ENABLE_TESTABILITY = YES;
				GCC_C_LANGUAGE_STANDARD = gnu11;
				GCC_DYNAMIC_NO_PIC = NO;
				GCC_NO_COMMON_BLOCKS = YES;
				GCC_OPTIMIZATION_LEVEL = 0;
				GCC_PREPROCESSOR_DEFINITIONS = (
					"DEBUG=1",
					"$(inherited)",
				);
				GCC_WARN_64_TO_32_BIT_CONVERSION = YES;
				GCC_WARN_ABOUT_RETURN_TYPE = YES_ERROR;
				GCC_WARN_UNDECLARED_SELECTOR = YES;
				GCC_WARN_UNINITIALIZED_AUTOS = YES_AGGRESSIVE;
				GCC_WARN_UNUSED_FUNCTION = YES;
				GCC_WARN_UNUSED_VARIABLE = YES;
				IPHONEOS_DEPLOYMENT_TARGET = 16.4;
				MTL_ENABLE_DEBUG_INFO = INCLUDE_SOURCE;
				MTL_FAST_MATH = YES;
				ONLY_ACTIVE_ARCH = YES;
				SDKROOT = iphoneos;
				SWIFT_ACTIVE_COMPILATION_CONDITIONS = DEBUG;
				SWIFT_OPTIMIZATION_LEVEL = "-Onone";
			};
			name = Debug;
		};
		E9297C5029EECDB600AF9302 /* Release */ = {
			isa = XCBuildConfiguration;
			buildSettings = {
				ALWAYS_SEARCH_USER_PATHS = NO;
				CLANG_ANALYZER_NONNULL = YES;
				CLANG_ANALYZER_NUMBER_OBJECT_CONVERSION = YES_AGGRESSIVE;
				CLANG_CXX_LANGUAGE_STANDARD = "gnu++20";
				CLANG_ENABLE_MODULES = YES;
				CLANG_ENABLE_OBJC_ARC = YES;
				CLANG_ENABLE_OBJC_WEAK = YES;
				CLANG_WARN_BLOCK_CAPTURE_AUTORELEASING = YES;
				CLANG_WARN_BOOL_CONVERSION = YES;
				CLANG_WARN_COMMA = YES;
				CLANG_WARN_CONSTANT_CONVERSION = YES;
				CLANG_WARN_DEPRECATED_OBJC_IMPLEMENTATIONS = YES;
				CLANG_WARN_DIRECT_OBJC_ISA_USAGE = YES_ERROR;
				CLANG_WARN_DOCUMENTATION_COMMENTS = YES;
				CLANG_WARN_EMPTY_BODY = YES;
				CLANG_WARN_ENUM_CONVERSION = YES;
				CLANG_WARN_INFINITE_RECURSION = YES;
				CLANG_WARN_INT_CONVERSION = YES;
				CLANG_WARN_NON_LITERAL_NULL_CONVERSION = YES;
				CLANG_WARN_OBJC_IMPLICIT_RETAIN_SELF = YES;
				CLANG_WARN_OBJC_LITERAL_CONVERSION = YES;
				CLANG_WARN_OBJC_ROOT_CLASS = YES_ERROR;
				CLANG_WARN_QUOTED_INCLUDE_IN_FRAMEWORK_HEADER = YES;
				CLANG_WARN_RANGE_LOOP_ANALYSIS = YES;
				CLANG_WARN_STRICT_PROTOTYPES = YES;
				CLANG_WARN_SUSPICIOUS_MOVE = YES;
				CLANG_WARN_UNGUARDED_AVAILABILITY = YES_AGGRESSIVE;
				CLANG_WARN_UNREACHABLE_CODE = YES;
				CLANG_WARN__DUPLICATE_METHOD_MATCH = YES;
				COPY_PHASE_STRIP = NO;
				DEBUG_INFORMATION_FORMAT = "dwarf-with-dsym";
				ENABLE_NS_ASSERTIONS = NO;
				ENABLE_STRICT_OBJC_MSGSEND = YES;
				GCC_C_LANGUAGE_STANDARD = gnu11;
				GCC_NO_COMMON_BLOCKS = YES;
				GCC_WARN_64_TO_32_BIT_CONVERSION = YES;
				GCC_WARN_ABOUT_RETURN_TYPE = YES_ERROR;
				GCC_WARN_UNDECLARED_SELECTOR = YES;
				GCC_WARN_UNINITIALIZED_AUTOS = YES_AGGRESSIVE;
				GCC_WARN_UNUSED_FUNCTION = YES;
				GCC_WARN_UNUSED_VARIABLE = YES;
				IPHONEOS_DEPLOYMENT_TARGET = 16.4;
				MTL_ENABLE_DEBUG_INFO = NO;
				MTL_FAST_MATH = YES;
				SDKROOT = iphoneos;
				SWIFT_COMPILATION_MODE = wholemodule;
				SWIFT_OPTIMIZATION_LEVEL = "-O";
				VALIDATE_PRODUCT = YES;
			};
			name = Release;
		};
		E9297C5229EECDB600AF9302 /* Debug */ = {
			isa = XCBuildConfiguration;
			baseConfigurationReference = 85EC167F24D9DAF057BDAB87 /* Pods-SnapList.debug.xcconfig */;
			buildSettings = {
				ASSETCATALOG_COMPILER_APPICON_NAME = AppIcon;
				ASSETCATALOG_COMPILER_GLOBAL_ACCENT_COLOR_NAME = AccentColor;
				CODE_SIGN_STYLE = Automatic;
				CURRENT_PROJECT_VERSION = 1;
				DEVELOPMENT_TEAM = G4T7QK2U75;
				GENERATE_INFOPLIST_FILE = YES;
				INFOPLIST_FILE = SnapList/Resources/Info.plist;
				INFOPLIST_KEY_UIApplicationSupportsIndirectInputEvents = YES;
				INFOPLIST_KEY_UILaunchStoryboardName = LaunchScreen;
				INFOPLIST_KEY_UISupportedInterfaceOrientations_iPad = "UIInterfaceOrientationPortrait UIInterfaceOrientationPortraitUpsideDown UIInterfaceOrientationLandscapeLeft UIInterfaceOrientationLandscapeRight";
				INFOPLIST_KEY_UISupportedInterfaceOrientations_iPhone = "UIInterfaceOrientationPortrait UIInterfaceOrientationLandscapeLeft UIInterfaceOrientationLandscapeRight";
				LD_RUNPATH_SEARCH_PATHS = (
					"$(inherited)",
					"@executable_path/Frameworks",
				);
				MARKETING_VERSION = 1.0;
				PRODUCT_BUNDLE_IDENTIFIER = com.BalinaSoft.Starovoytov.SnapList;
				PRODUCT_NAME = "$(TARGET_NAME)";
				SWIFT_EMIT_LOC_STRINGS = YES;
				SWIFT_VERSION = 5.0;
				TARGETED_DEVICE_FAMILY = "1,2";
			};
			name = Debug;
		};
		E9297C5329EECDB600AF9302 /* Release */ = {
			isa = XCBuildConfiguration;
			baseConfigurationReference = 3E8A9A38DEAFC05F67F69652 /* Pods-SnapList.release.xcconfig */;
			buildSettings = {
				ASSETCATALOG_COMPILER_APPICON_NAME = AppIcon;
				ASSETCATALOG_COMPILER_GLOBAL_ACCENT_COLOR_NAME = AccentColor;
				CODE_SIGN_STYLE = Automatic;
				CURRENT_PROJECT_VERSION = 1;
				DEVELOPMENT_TEAM = G4T7QK2U75;
				GENERATE_INFOPLIST_FILE = YES;
				INFOPLIST_FILE = SnapList/Resources/Info.plist;
				INFOPLIST_KEY_UIApplicationSupportsIndirectInputEvents = YES;
				INFOPLIST_KEY_UILaunchStoryboardName = LaunchScreen;
				INFOPLIST_KEY_UISupportedInterfaceOrientations_iPad = "UIInterfaceOrientationPortrait UIInterfaceOrientationPortraitUpsideDown UIInterfaceOrientationLandscapeLeft UIInterfaceOrientationLandscapeRight";
				INFOPLIST_KEY_UISupportedInterfaceOrientations_iPhone = "UIInterfaceOrientationPortrait UIInterfaceOrientationLandscapeLeft UIInterfaceOrientationLandscapeRight";
				LD_RUNPATH_SEARCH_PATHS = (
					"$(inherited)",
					"@executable_path/Frameworks",
				);
				MARKETING_VERSION = 1.0;
				PRODUCT_BUNDLE_IDENTIFIER = com.BalinaSoft.Starovoytov.SnapList;
				PRODUCT_NAME = "$(TARGET_NAME)";
				SWIFT_EMIT_LOC_STRINGS = YES;
				SWIFT_VERSION = 5.0;
				TARGETED_DEVICE_FAMILY = "1,2";
			};
			name = Release;
		};
/* End XCBuildConfiguration section */

/* Begin XCConfigurationList section */
		E9297C3829EECDB500AF9302 /* Build configuration list for PBXProject "SnapList" */ = {
			isa = XCConfigurationList;
			buildConfigurations = (
				E9297C4F29EECDB600AF9302 /* Debug */,
				E9297C5029EECDB600AF9302 /* Release */,
			);
			defaultConfigurationIsVisible = 0;
			defaultConfigurationName = Release;
		};
		E9297C5129EECDB600AF9302 /* Build configuration list for PBXNativeTarget "SnapList" */ = {
			isa = XCConfigurationList;
			buildConfigurations = (
				E9297C5229EECDB600AF9302 /* Debug */,
				E9297C5329EECDB600AF9302 /* Release */,
			);
			defaultConfigurationIsVisible = 0;
			defaultConfigurationName = Release;
		};
/* End XCConfigurationList section */
	};
	rootObject = E9297C3529EECDB500AF9302 /* Project object */;
}
